
Microsoft Visual Studio Solution File, Format Version 12.00
# Visual Studio 14
VisualStudioVersion = 14.0.25420.1
MinimumVisualStudioVersion = 10.0.40219.1
Project("{8BC9CEB8-8B4A-11D0-8D11-00A0C91BC942}") = "AppChecker.Native", "AppChecker.Native\AppChecker.Native.vcxproj", "{DB6EE096-8623-4BA0-BAD9-0C5711236671}"
EndProject
Project("{2150E333-8FDC-42A3-9474-1A3956D46DE8}") = "NETStandard", "NETStandard", "{57E92713-8BF4-4DB7-8981-CD53912C71EA}"
EndProject
Project("{2150E333-8FDC-42A3-9474-1A3956D46DE8}") = "Native", "Native", "{D3899CDC-DEB6-4F18-9A7A-4E7474D20C31}"
EndProject
Project("{FAE04EC0-301F-11D3-BF4B-00C04F79EFBC}") = "AppChecker.NETStandard", "AppChecker.NETStandard\AppChecker.NETStandard.csproj", "{CF28D1BE-A06C-4120-93B9-9AA9D5CC2562}"
	ProjectSection(ProjectDependencies) = postProject
		{DB6EE096-8623-4BA0-BAD9-0C5711236671} = {DB6EE096-8623-4BA0-BAD9-0C5711236671}
	EndProjectSection
EndProject
Project("{2150E333-8FDC-42A3-9474-1A3956D46DE8}") = "Shared", "Shared", "{9AEFDF9B-0AFE-4995-ABEA-238947E77A79}"
EndProject
Project("{D954291E-2A0B-460D-934E-DC6B0785DB48}") = "AppChecker.Shared", "AppChecker.Shared\AppChecker.Shared.shproj", "{F1DAED08-0F10-48D5-8993-46A14AD347D5}"
EndProject
Project("{2150E333-8FDC-42A3-9474-1A3956D46DE8}") = "Solution Items", "Solution Items", "{3C73A983-A499-45B1-98EE-4050E1ECCB4A}"
	ProjectSection(SolutionItems) = preProject
		NuGet\Appchecker.NET.nuspec = NuGet\Appchecker.NET.nuspec
		NuGet\AppChecker.NET.targets = NuGet\AppChecker.NET.targets
	EndProjectSection
EndProject
Project("{2150E333-8FDC-42A3-9474-1A3956D46DE8}") = "App", "App", "{BE28C9CC-0867-42DC-99A0-4F298CF070B6}"
EndProject
Project("{D954291E-2A0B-460D-934E-DC6B0785DB48}") = "AppChecker.Shared.App", "AppChecker.App\AppChecker.Shared.App\AppChecker.Shared.App.shproj", "{412255FB-9E37-432A-97D9-F71FE2A5CFA0}"
EndProject
Project("{FAE04EC0-301F-11D3-BF4B-00C04F79EFBC}") = "AppChecker.NET45.App", "AppChecker.App\AppChecker.NET45.App\AppChecker.NET45.App.csproj", "{BCC264F5-1D3B-4AC9-ACAE-111752981921}"
EndProject
Project("{FAE04EC0-301F-11D3-BF4B-00C04F79EFBC}") = "AppChecker.NET46.App", "AppChecker.App\AppChecker.NET46.App\AppChecker.NET46.App.csproj", "{8F6EFBD8-6B7D-4DDA-A61D-9A16A70A3423}"
EndProject
Project("{FAE04EC0-301F-11D3-BF4B-00C04F79EFBC}") = "AppChecker.NET451.App", "AppChecker.App\AppChecker.NET451.App\AppChecker.NET451.App.csproj", "{7980ABDA-53CE-4E68-8A60-511A09382F7A}"
EndProject
Project("{FAE04EC0-301F-11D3-BF4B-00C04F79EFBC}") = "AppChecker.NET452.App", "AppChecker.App\AppChecker.NET452.App\AppChecker.NET452.App.csproj", "{AF6BD972-2D1B-4C18-B4AE-084829EA0A7E}"
EndProject
Project("{FAE04EC0-301F-11D3-BF4B-00C04F79EFBC}") = "AppChecker.NET461.App", "AppChecker.App\AppChecker.NET461.App\AppChecker.NET461.App.csproj", "{CE3D73EF-11B4-4038-9F6B-31C7D54C440D}"
EndProject
Project("{FAE04EC0-301F-11D3-BF4B-00C04F79EFBC}") = "AppChecker.NET462.App", "AppChecker.App\AppChecker.NET462.App\AppChecker.NET462.App.csproj", "{E8DBEB63-5695-4B51-B49E-A85199F16BEB}"
EndProject
Project("{FAE04EC0-301F-11D3-BF4B-00C04F79EFBC}") = "AppChecker.Universal.App", "AppChecker.App\AppChecker.UWP.App\AppChecker.Universal.App.csproj", "{9F50DC8E-833F-4346-BFA6-2BA9673C079B}"
EndProject
Project("{FAE04EC0-301F-11D3-BF4B-00C04F79EFBC}") = "AppChecker.AnyCPU.App", "AppChecker.App\AppChecker.AnyCPU.App\AppChecker.AnyCPU.App.csproj", "{257F1E39-5005-40B8-BDCD-FD8FD6439D29}"
EndProject
Project("{FAE04EC0-301F-11D3-BF4B-00C04F79EFBC}") = "AppChecker.AnyCPU32Bit.App", "AppChecker.App\AppChecker.AnyCPU32Bit.App\AppChecker.AnyCPU32Bit.App.csproj", "{7FB1E8B4-2CC5-48AE-825B-390176C866BF}"
EndProject
Project("{8BB2217D-0F2D-49D1-97BC-3654ED321F3B}") = "AppChecker.NETCore.App", "AppChecker.App\AppChecker.NETCore.App\AppChecker.NETCore.App.xproj", "{7650F4CA-8EA0-4A7C-BE9C-87619BAD3E76}"
EndProject
Global
	GlobalSection(SharedMSBuildProjectFiles) = preSolution
		AppChecker.App\AppChecker.Shared.App\AppChecker.Shared.App.projitems*{257f1e39-5005-40b8-bdcd-fd8fd6439d29}*SharedItemsImports = 4
		AppChecker.App\AppChecker.Shared.App\AppChecker.Shared.App.projitems*{412255fb-9e37-432a-97d9-f71fe2a5cfa0}*SharedItemsImports = 13
		AppChecker.App\AppChecker.Shared.App\AppChecker.Shared.App.projitems*{7980abda-53ce-4e68-8a60-511a09382f7a}*SharedItemsImports = 4
		AppChecker.App\AppChecker.Shared.App\AppChecker.Shared.App.projitems*{7fb1e8b4-2cc5-48ae-825b-390176c866bf}*SharedItemsImports = 4
		AppChecker.App\AppChecker.Shared.App\AppChecker.Shared.App.projitems*{8f6efbd8-6b7d-4dda-a61d-9a16a70a3423}*SharedItemsImports = 4
		AppChecker.App\AppChecker.Shared.App\AppChecker.Shared.App.projitems*{9f50dc8e-833f-4346-bfa6-2ba9673c079b}*SharedItemsImports = 4
		AppChecker.App\AppChecker.Shared.App\AppChecker.Shared.App.projitems*{af6bd972-2d1b-4c18-b4ae-084829ea0a7e}*SharedItemsImports = 4
		AppChecker.App\AppChecker.Shared.App\AppChecker.Shared.App.projitems*{bcc264f5-1d3b-4ac9-acae-111752981921}*SharedItemsImports = 4
		AppChecker.App\AppChecker.Shared.App\AppChecker.Shared.App.projitems*{ce3d73ef-11b4-4038-9f6b-31c7d54c440d}*SharedItemsImports = 4
		AppChecker.Shared\AppChecker.Shared.projitems*{cf28d1be-a06c-4120-93b9-9aa9d5cc2562}*SharedItemsImports = 4
		AppChecker.App\AppChecker.Shared.App\AppChecker.Shared.App.projitems*{e8dbeb63-5695-4b51-b49e-a85199f16beb}*SharedItemsImports = 4
		AppChecker.Shared\AppChecker.Shared.projitems*{f1daed08-0f10-48d5-8993-46a14ad347d5}*SharedItemsImports = 13
	EndGlobalSection
	GlobalSection(SolutionConfigurationPlatforms) = preSolution
		Debug|Any CPU = Debug|Any CPU
		Debug|ARM = Debug|ARM
		Debug|x64 = Debug|x64
		Debug|x86 = Debug|x86
		Release|Any CPU = Release|Any CPU
		Release|ARM = Release|ARM
		Release|x64 = Release|x64
		Release|x86 = Release|x86
	EndGlobalSection
	GlobalSection(ProjectConfigurationPlatforms) = postSolution
		{DB6EE096-8623-4BA0-BAD9-0C5711236671}.Debug|Any CPU.ActiveCfg = Debug|Win32
		{DB6EE096-8623-4BA0-BAD9-0C5711236671}.Debug|ARM.ActiveCfg = Debug|ARM
		{DB6EE096-8623-4BA0-BAD9-0C5711236671}.Debug|ARM.Build.0 = Debug|ARM
		{DB6EE096-8623-4BA0-BAD9-0C5711236671}.Debug|x64.ActiveCfg = Debug|x64
		{DB6EE096-8623-4BA0-BAD9-0C5711236671}.Debug|x64.Build.0 = Debug|x64
		{DB6EE096-8623-4BA0-BAD9-0C5711236671}.Debug|x86.ActiveCfg = Debug|Win32
		{DB6EE096-8623-4BA0-BAD9-0C5711236671}.Debug|x86.Build.0 = Debug|Win32
		{DB6EE096-8623-4BA0-BAD9-0C5711236671}.Release|Any CPU.ActiveCfg = Release|Win32
		{DB6EE096-8623-4BA0-BAD9-0C5711236671}.Release|ARM.ActiveCfg = Release|ARM
		{DB6EE096-8623-4BA0-BAD9-0C5711236671}.Release|x64.ActiveCfg = Release|x64
		{DB6EE096-8623-4BA0-BAD9-0C5711236671}.Release|x64.Build.0 = Release|x64
		{DB6EE096-8623-4BA0-BAD9-0C5711236671}.Release|x86.ActiveCfg = Release|Win32
		{DB6EE096-8623-4BA0-BAD9-0C5711236671}.Release|x86.Build.0 = Release|Win32
		{CF28D1BE-A06C-4120-93B9-9AA9D5CC2562}.Debug|Any CPU.ActiveCfg = Debug|Any CPU
		{CF28D1BE-A06C-4120-93B9-9AA9D5CC2562}.Debug|Any CPU.Build.0 = Debug|Any CPU
		{CF28D1BE-A06C-4120-93B9-9AA9D5CC2562}.Debug|ARM.ActiveCfg = Debug|ARM
		{CF28D1BE-A06C-4120-93B9-9AA9D5CC2562}.Debug|ARM.Build.0 = Debug|ARM
		{CF28D1BE-A06C-4120-93B9-9AA9D5CC2562}.Debug|x64.ActiveCfg = Debug|x64
		{CF28D1BE-A06C-4120-93B9-9AA9D5CC2562}.Debug|x64.Build.0 = Debug|x64
		{CF28D1BE-A06C-4120-93B9-9AA9D5CC2562}.Debug|x86.ActiveCfg = Debug|x86
		{CF28D1BE-A06C-4120-93B9-9AA9D5CC2562}.Debug|x86.Build.0 = Debug|x86
		{CF28D1BE-A06C-4120-93B9-9AA9D5CC2562}.Release|Any CPU.ActiveCfg = Release|Any CPU
		{CF28D1BE-A06C-4120-93B9-9AA9D5CC2562}.Release|Any CPU.Build.0 = Release|Any CPU
		{CF28D1BE-A06C-4120-93B9-9AA9D5CC2562}.Release|ARM.ActiveCfg = Release|ARM
		{CF28D1BE-A06C-4120-93B9-9AA9D5CC2562}.Release|ARM.Build.0 = Release|ARM
		{CF28D1BE-A06C-4120-93B9-9AA9D5CC2562}.Release|x64.ActiveCfg = Release|x64
		{CF28D1BE-A06C-4120-93B9-9AA9D5CC2562}.Release|x64.Build.0 = Release|x64
		{CF28D1BE-A06C-4120-93B9-9AA9D5CC2562}.Release|x86.ActiveCfg = Release|x86
		{CF28D1BE-A06C-4120-93B9-9AA9D5CC2562}.Release|x86.Build.0 = Release|x86
		{BCC264F5-1D3B-4AC9-ACAE-111752981921}.Debug|Any CPU.ActiveCfg = Debug|Any CPU
		{BCC264F5-1D3B-4AC9-ACAE-111752981921}.Debug|Any CPU.Build.0 = Debug|Any CPU
		{BCC264F5-1D3B-4AC9-ACAE-111752981921}.Debug|ARM.ActiveCfg = Debug|Any CPU
		{BCC264F5-1D3B-4AC9-ACAE-111752981921}.Debug|x64.ActiveCfg = Debug|x64
		{BCC264F5-1D3B-4AC9-ACAE-111752981921}.Debug|x64.Build.0 = Debug|x64
		{BCC264F5-1D3B-4AC9-ACAE-111752981921}.Debug|x86.ActiveCfg = Debug|x86
		{BCC264F5-1D3B-4AC9-ACAE-111752981921}.Debug|x86.Build.0 = Debug|x86
		{BCC264F5-1D3B-4AC9-ACAE-111752981921}.Release|Any CPU.ActiveCfg = Release|Any CPU
		{BCC264F5-1D3B-4AC9-ACAE-111752981921}.Release|Any CPU.Build.0 = Release|Any CPU
		{BCC264F5-1D3B-4AC9-ACAE-111752981921}.Release|ARM.ActiveCfg = Release|Any CPU
		{BCC264F5-1D3B-4AC9-ACAE-111752981921}.Release|x64.ActiveCfg = Release|x64
		{BCC264F5-1D3B-4AC9-ACAE-111752981921}.Release|x64.Build.0 = Release|x64
		{BCC264F5-1D3B-4AC9-ACAE-111752981921}.Release|x86.ActiveCfg = Release|x86
		{BCC264F5-1D3B-4AC9-ACAE-111752981921}.Release|x86.Build.0 = Release|x86
		{8F6EFBD8-6B7D-4DDA-A61D-9A16A70A3423}.Debug|Any CPU.ActiveCfg = Debug|Any CPU
		{8F6EFBD8-6B7D-4DDA-A61D-9A16A70A3423}.Debug|Any CPU.Build.0 = Debug|Any CPU
		{8F6EFBD8-6B7D-4DDA-A61D-9A16A70A3423}.Debug|ARM.ActiveCfg = Debug|Any CPU
		{8F6EFBD8-6B7D-4DDA-A61D-9A16A70A3423}.Debug|x64.ActiveCfg = Debug|x64
		{8F6EFBD8-6B7D-4DDA-A61D-9A16A70A3423}.Debug|x64.Build.0 = Debug|x64
		{8F6EFBD8-6B7D-4DDA-A61D-9A16A70A3423}.Debug|x86.ActiveCfg = Debug|x86
		{8F6EFBD8-6B7D-4DDA-A61D-9A16A70A3423}.Debug|x86.Build.0 = Debug|x86
		{8F6EFBD8-6B7D-4DDA-A61D-9A16A70A3423}.Release|Any CPU.ActiveCfg = Release|Any CPU
		{8F6EFBD8-6B7D-4DDA-A61D-9A16A70A3423}.Release|Any CPU.Build.0 = Release|Any CPU
		{8F6EFBD8-6B7D-4DDA-A61D-9A16A70A3423}.Release|ARM.ActiveCfg = Release|Any CPU
		{8F6EFBD8-6B7D-4DDA-A61D-9A16A70A3423}.Release|x64.ActiveCfg = Release|x64
		{8F6EFBD8-6B7D-4DDA-A61D-9A16A70A3423}.Release|x64.Build.0 = Release|x64
		{8F6EFBD8-6B7D-4DDA-A61D-9A16A70A3423}.Release|x86.ActiveCfg = Release|x86
		{8F6EFBD8-6B7D-4DDA-A61D-9A16A70A3423}.Release|x86.Build.0 = Release|x86
		{7980ABDA-53CE-4E68-8A60-511A09382F7A}.Debug|Any CPU.ActiveCfg = Debug|Any CPU
		{7980ABDA-53CE-4E68-8A60-511A09382F7A}.Debug|Any CPU.Build.0 = Debug|Any CPU
		{7980ABDA-53CE-4E68-8A60-511A09382F7A}.Debug|ARM.ActiveCfg = Debug|Any CPU
		{7980ABDA-53CE-4E68-8A60-511A09382F7A}.Debug|x64.ActiveCfg = Debug|x64
		{7980ABDA-53CE-4E68-8A60-511A09382F7A}.Debug|x64.Build.0 = Debug|x64
		{7980ABDA-53CE-4E68-8A60-511A09382F7A}.Debug|x86.ActiveCfg = Debug|x86
		{7980ABDA-53CE-4E68-8A60-511A09382F7A}.Debug|x86.Build.0 = Debug|x86
		{7980ABDA-53CE-4E68-8A60-511A09382F7A}.Release|Any CPU.ActiveCfg = Release|Any CPU
		{7980ABDA-53CE-4E68-8A60-511A09382F7A}.Release|Any CPU.Build.0 = Release|Any CPU
		{7980ABDA-53CE-4E68-8A60-511A09382F7A}.Release|ARM.ActiveCfg = Release|Any CPU
		{7980ABDA-53CE-4E68-8A60-511A09382F7A}.Release|x64.ActiveCfg = Release|x64
		{7980ABDA-53CE-4E68-8A60-511A09382F7A}.Release|x64.Build.0 = Release|x64
		{7980ABDA-53CE-4E68-8A60-511A09382F7A}.Release|x86.ActiveCfg = Release|x86
		{7980ABDA-53CE-4E68-8A60-511A09382F7A}.Release|x86.Build.0 = Release|x86
		{AF6BD972-2D1B-4C18-B4AE-084829EA0A7E}.Debug|Any CPU.ActiveCfg = Debug|Any CPU
		{AF6BD972-2D1B-4C18-B4AE-084829EA0A7E}.Debug|Any CPU.Build.0 = Debug|Any CPU
		{AF6BD972-2D1B-4C18-B4AE-084829EA0A7E}.Debug|ARM.ActiveCfg = Debug|Any CPU
		{AF6BD972-2D1B-4C18-B4AE-084829EA0A7E}.Debug|x64.ActiveCfg = Debug|x64
		{AF6BD972-2D1B-4C18-B4AE-084829EA0A7E}.Debug|x64.Build.0 = Debug|x64
		{AF6BD972-2D1B-4C18-B4AE-084829EA0A7E}.Debug|x86.ActiveCfg = Debug|x86
		{AF6BD972-2D1B-4C18-B4AE-084829EA0A7E}.Debug|x86.Build.0 = Debug|x86
		{AF6BD972-2D1B-4C18-B4AE-084829EA0A7E}.Release|Any CPU.ActiveCfg = Release|Any CPU
		{AF6BD972-2D1B-4C18-B4AE-084829EA0A7E}.Release|Any CPU.Build.0 = Release|Any CPU
		{AF6BD972-2D1B-4C18-B4AE-084829EA0A7E}.Release|ARM.ActiveCfg = Release|Any CPU
		{AF6BD972-2D1B-4C18-B4AE-084829EA0A7E}.Release|x64.ActiveCfg = Release|x64
		{AF6BD972-2D1B-4C18-B4AE-084829EA0A7E}.Release|x64.Build.0 = Release|x64
		{AF6BD972-2D1B-4C18-B4AE-084829EA0A7E}.Release|x86.ActiveCfg = Release|x86
		{AF6BD972-2D1B-4C18-B4AE-084829EA0A7E}.Release|x86.Build.0 = Release|x86
		{CE3D73EF-11B4-4038-9F6B-31C7D54C440D}.Debug|Any CPU.ActiveCfg = Debug|Any CPU
		{CE3D73EF-11B4-4038-9F6B-31C7D54C440D}.Debug|Any CPU.Build.0 = Debug|Any CPU
		{CE3D73EF-11B4-4038-9F6B-31C7D54C440D}.Debug|ARM.ActiveCfg = Debug|Any CPU
		{CE3D73EF-11B4-4038-9F6B-31C7D54C440D}.Debug|x64.ActiveCfg = Debug|x64
		{CE3D73EF-11B4-4038-9F6B-31C7D54C440D}.Debug|x64.Build.0 = Debug|x64
		{CE3D73EF-11B4-4038-9F6B-31C7D54C440D}.Debug|x86.ActiveCfg = Debug|x86
		{CE3D73EF-11B4-4038-9F6B-31C7D54C440D}.Debug|x86.Build.0 = Debug|x86
		{CE3D73EF-11B4-4038-9F6B-31C7D54C440D}.Release|Any CPU.ActiveCfg = Release|Any CPU
		{CE3D73EF-11B4-4038-9F6B-31C7D54C440D}.Release|Any CPU.Build.0 = Release|Any CPU
		{CE3D73EF-11B4-4038-9F6B-31C7D54C440D}.Release|ARM.ActiveCfg = Release|Any CPU
		{CE3D73EF-11B4-4038-9F6B-31C7D54C440D}.Release|x64.ActiveCfg = Release|x64
		{CE3D73EF-11B4-4038-9F6B-31C7D54C440D}.Release|x64.Build.0 = Release|x64
		{CE3D73EF-11B4-4038-9F6B-31C7D54C440D}.Release|x86.ActiveCfg = Release|x86
		{CE3D73EF-11B4-4038-9F6B-31C7D54C440D}.Release|x86.Build.0 = Release|x86
		{E8DBEB63-5695-4B51-B49E-A85199F16BEB}.Debug|Any CPU.ActiveCfg = Debug|Any CPU
		{E8DBEB63-5695-4B51-B49E-A85199F16BEB}.Debug|Any CPU.Build.0 = Debug|Any CPU
		{E8DBEB63-5695-4B51-B49E-A85199F16BEB}.Debug|ARM.ActiveCfg = Debug|Any CPU
		{E8DBEB63-5695-4B51-B49E-A85199F16BEB}.Debug|x64.ActiveCfg = Debug|x64
		{E8DBEB63-5695-4B51-B49E-A85199F16BEB}.Debug|x64.Build.0 = Debug|x64
		{E8DBEB63-5695-4B51-B49E-A85199F16BEB}.Debug|x86.ActiveCfg = Debug|x86
		{E8DBEB63-5695-4B51-B49E-A85199F16BEB}.Debug|x86.Build.0 = Debug|x86
		{E8DBEB63-5695-4B51-B49E-A85199F16BEB}.Release|Any CPU.ActiveCfg = Release|Any CPU
		{E8DBEB63-5695-4B51-B49E-A85199F16BEB}.Release|Any CPU.Build.0 = Release|Any CPU
		{E8DBEB63-5695-4B51-B49E-A85199F16BEB}.Release|ARM.ActiveCfg = Release|Any CPU
		{E8DBEB63-5695-4B51-B49E-A85199F16BEB}.Release|x64.ActiveCfg = Release|x64
		{E8DBEB63-5695-4B51-B49E-A85199F16BEB}.Release|x64.Build.0 = Release|x64
		{E8DBEB63-5695-4B51-B49E-A85199F16BEB}.Release|x86.ActiveCfg = Release|x86
		{E8DBEB63-5695-4B51-B49E-A85199F16BEB}.Release|x86.Build.0 = Release|x86
		{9F50DC8E-833F-4346-BFA6-2BA9673C079B}.Debug|Any CPU.ActiveCfg = Debug|x86
		{9F50DC8E-833F-4346-BFA6-2BA9673C079B}.Debug|ARM.ActiveCfg = Debug|ARM
		{9F50DC8E-833F-4346-BFA6-2BA9673C079B}.Debug|ARM.Build.0 = Debug|ARM
		{9F50DC8E-833F-4346-BFA6-2BA9673C079B}.Debug|ARM.Deploy.0 = Debug|ARM
		{9F50DC8E-833F-4346-BFA6-2BA9673C079B}.Debug|x64.ActiveCfg = Debug|x64
		{9F50DC8E-833F-4346-BFA6-2BA9673C079B}.Debug|x64.Build.0 = Debug|x64
		{9F50DC8E-833F-4346-BFA6-2BA9673C079B}.Debug|x64.Deploy.0 = Debug|x64
		{9F50DC8E-833F-4346-BFA6-2BA9673C079B}.Debug|x86.ActiveCfg = Debug|x86
		{9F50DC8E-833F-4346-BFA6-2BA9673C079B}.Debug|x86.Build.0 = Debug|x86
		{9F50DC8E-833F-4346-BFA6-2BA9673C079B}.Debug|x86.Deploy.0 = Debug|x86
		{9F50DC8E-833F-4346-BFA6-2BA9673C079B}.Release|Any CPU.ActiveCfg = Release|x86
		{9F50DC8E-833F-4346-BFA6-2BA9673C079B}.Release|ARM.ActiveCfg = Release|ARM
		{9F50DC8E-833F-4346-BFA6-2BA9673C079B}.Release|ARM.Build.0 = Release|ARM
		{9F50DC8E-833F-4346-BFA6-2BA9673C079B}.Release|ARM.Deploy.0 = Release|ARM
		{9F50DC8E-833F-4346-BFA6-2BA9673C079B}.Release|x64.ActiveCfg = Release|x64
		{9F50DC8E-833F-4346-BFA6-2BA9673C079B}.Release|x64.Build.0 = Release|x64
		{9F50DC8E-833F-4346-BFA6-2BA9673C079B}.Release|x64.Deploy.0 = Release|x64
		{9F50DC8E-833F-4346-BFA6-2BA9673C079B}.Release|x86.ActiveCfg = Release|x86
		{9F50DC8E-833F-4346-BFA6-2BA9673C079B}.Release|x86.Build.0 = Release|x86
		{9F50DC8E-833F-4346-BFA6-2BA9673C079B}.Release|x86.Deploy.0 = Release|x86
		{257F1E39-5005-40B8-BDCD-FD8FD6439D29}.Debug|Any CPU.ActiveCfg = Debug|Any CPU
		{257F1E39-5005-40B8-BDCD-FD8FD6439D29}.Debug|Any CPU.Build.0 = Debug|Any CPU
		{257F1E39-5005-40B8-BDCD-FD8FD6439D29}.Debug|ARM.ActiveCfg = Debug|Any CPU
		{257F1E39-5005-40B8-BDCD-FD8FD6439D29}.Debug|x64.ActiveCfg = Debug|Any CPU
		{257F1E39-5005-40B8-BDCD-FD8FD6439D29}.Debug|x64.Build.0 = Debug|Any CPU
		{257F1E39-5005-40B8-BDCD-FD8FD6439D29}.Debug|x86.ActiveCfg = Debug|Any CPU
		{257F1E39-5005-40B8-BDCD-FD8FD6439D29}.Debug|x86.Build.0 = Debug|Any CPU
		{257F1E39-5005-40B8-BDCD-FD8FD6439D29}.Release|Any CPU.ActiveCfg = Release|Any CPU
		{257F1E39-5005-40B8-BDCD-FD8FD6439D29}.Release|Any CPU.Build.0 = Release|Any CPU
		{257F1E39-5005-40B8-BDCD-FD8FD6439D29}.Release|ARM.ActiveCfg = Release|Any CPU
		{257F1E39-5005-40B8-BDCD-FD8FD6439D29}.Release|x64.ActiveCfg = Release|Any CPU
		{257F1E39-5005-40B8-BDCD-FD8FD6439D29}.Release|x64.Build.0 = Release|Any CPU
		{257F1E39-5005-40B8-BDCD-FD8FD6439D29}.Release|x86.ActiveCfg = Release|Any CPU
		{257F1E39-5005-40B8-BDCD-FD8FD6439D29}.Release|x86.Build.0 = Release|Any CPU
		{7FB1E8B4-2CC5-48AE-825B-390176C866BF}.Debug|Any CPU.ActiveCfg = Debug|Any CPU
		{7FB1E8B4-2CC5-48AE-825B-390176C866BF}.Debug|Any CPU.Build.0 = Debug|Any CPU
		{7FB1E8B4-2CC5-48AE-825B-390176C866BF}.Debug|ARM.ActiveCfg = Debug|Any CPU
		{7FB1E8B4-2CC5-48AE-825B-390176C866BF}.Debug|ARM.Build.0 = Debug|Any CPU
		{7FB1E8B4-2CC5-48AE-825B-390176C866BF}.Debug|x64.ActiveCfg = Debug|Any CPU
		{7FB1E8B4-2CC5-48AE-825B-390176C866BF}.Debug|x64.Build.0 = Debug|Any CPU
		{7FB1E8B4-2CC5-48AE-825B-390176C866BF}.Debug|x86.ActiveCfg = Debug|Any CPU
		{7FB1E8B4-2CC5-48AE-825B-390176C866BF}.Debug|x86.Build.0 = Debug|Any CPU
		{7FB1E8B4-2CC5-48AE-825B-390176C866BF}.Release|Any CPU.ActiveCfg = Release|Any CPU
		{7FB1E8B4-2CC5-48AE-825B-390176C866BF}.Release|Any CPU.Build.0 = Release|Any CPU
		{7FB1E8B4-2CC5-48AE-825B-390176C866BF}.Release|ARM.ActiveCfg = Release|Any CPU
		{7FB1E8B4-2CC5-48AE-825B-390176C866BF}.Release|ARM.Build.0 = Release|Any CPU
		{7FB1E8B4-2CC5-48AE-825B-390176C866BF}.Release|x64.ActiveCfg = Release|Any CPU
		{7FB1E8B4-2CC5-48AE-825B-390176C866BF}.Release|x64.Build.0 = Release|Any CPU
		{7FB1E8B4-2CC5-48AE-825B-390176C866BF}.Release|x86.ActiveCfg = Release|Any CPU
		{7FB1E8B4-2CC5-48AE-825B-390176C866BF}.Release|x86.Build.0 = Release|Any CPU
		{7650F4CA-8EA0-4A7C-BE9C-87619BAD3E76}.Debug|Any CPU.ActiveCfg = Debug|Any CPU
		{7650F4CA-8EA0-4A7C-BE9C-87619BAD3E76}.Debug|Any CPU.Build.0 = Debug|Any CPU
		{7650F4CA-8EA0-4A7C-BE9C-87619BAD3E76}.Debug|ARM.ActiveCfg = Debug|Any CPU
		{7650F4CA-8EA0-4A7C-BE9C-87619BAD3E76}.Debug|ARM.Build.0 = Debug|Any CPU
		{7650F4CA-8EA0-4A7C-BE9C-87619BAD3E76}.Debug|x64.ActiveCfg = Debug|Any CPU
		{7650F4CA-8EA0-4A7C-BE9C-87619BAD3E76}.Debug|x64.Build.0 = Debug|Any CPU
		{7650F4CA-8EA0-4A7C-BE9C-87619BAD3E76}.Debug|x86.ActiveCfg = Debug|Any CPU
		{7650F4CA-8EA0-4A7C-BE9C-87619BAD3E76}.Debug|x86.Build.0 = Debug|Any CPU
		{7650F4CA-8EA0-4A7C-BE9C-87619BAD3E76}.Release|Any CPU.ActiveCfg = Release|Any CPU
		{7650F4CA-8EA0-4A7C-BE9C-87619BAD3E76}.Release|Any CPU.Build.0 = Release|Any CPU
		{7650F4CA-8EA0-4A7C-BE9C-87619BAD3E76}.Release|ARM.ActiveCfg = Release|Any CPU
		{7650F4CA-8EA0-4A7C-BE9C-87619BAD3E76}.Release|ARM.Build.0 = Release|Any CPU
		{7650F4CA-8EA0-4A7C-BE9C-87619BAD3E76}.Release|x64.ActiveCfg = Release|Any CPU
		{7650F4CA-8EA0-4A7C-BE9C-87619BAD3E76}.Release|x64.Build.0 = Release|Any CPU
		{7650F4CA-8EA0-4A7C-BE9C-87619BAD3E76}.Release|x86.ActiveCfg = Release|Any CPU
		{7650F4CA-8EA0-4A7C-BE9C-87619BAD3E76}.Release|x86.Build.0 = Release|Any CPU
	EndGlobalSection
	GlobalSection(SolutionProperties) = preSolution
		HideSolutionNode = FALSE
	EndGlobalSection
	GlobalSection(NestedProjects) = preSolution
		{DB6EE096-8623-4BA0-BAD9-0C5711236671} = {D3899CDC-DEB6-4F18-9A7A-4E7474D20C31}
		{CF28D1BE-A06C-4120-93B9-9AA9D5CC2562} = {57E92713-8BF4-4DB7-8981-CD53912C71EA}
		{F1DAED08-0F10-48D5-8993-46A14AD347D5} = {9AEFDF9B-0AFE-4995-ABEA-238947E77A79}
		{412255FB-9E37-432A-97D9-F71FE2A5CFA0} = {BE28C9CC-0867-42DC-99A0-4F298CF070B6}
		{BCC264F5-1D3B-4AC9-ACAE-111752981921} = {BE28C9CC-0867-42DC-99A0-4F298CF070B6}
		{8F6EFBD8-6B7D-4DDA-A61D-9A16A70A3423} = {BE28C9CC-0867-42DC-99A0-4F298CF070B6}
		{7980ABDA-53CE-4E68-8A60-511A09382F7A} = {BE28C9CC-0867-42DC-99A0-4F298CF070B6}
		{AF6BD972-2D1B-4C18-B4AE-084829EA0A7E} = {BE28C9CC-0867-42DC-99A0-4F298CF070B6}
		{CE3D73EF-11B4-4038-9F6B-31C7D54C440D} = {BE28C9CC-0867-42DC-99A0-4F298CF070B6}
		{E8DBEB63-5695-4B51-B49E-A85199F16BEB} = {BE28C9CC-0867-42DC-99A0-4F298CF070B6}
		{9F50DC8E-833F-4346-BFA6-2BA9673C079B} = {BE28C9CC-0867-42DC-99A0-4F298CF070B6}
		{257F1E39-5005-40B8-BDCD-FD8FD6439D29} = {BE28C9CC-0867-42DC-99A0-4F298CF070B6}
		{7FB1E8B4-2CC5-48AE-825B-390176C866BF} = {BE28C9CC-0867-42DC-99A0-4F298CF070B6}
		{7650F4CA-8EA0-4A7C-BE9C-87619BAD3E76} = {BE28C9CC-0867-42DC-99A0-4F298CF070B6}
	EndGlobalSection
EndGlobal
